
Microsoft Visual Studio Solution File, Format Version 12.00
# Visual Studio 15
VisualStudioVersion = 15.0.27004.2009
MinimumVisualStudioVersion = 10.0.40219.1
Project("{FAE04EC0-301F-11D3-BF4B-00C04F79EFBC}") = "Optiflow.Android", "Optiflow\Optiflow.Android\Optiflow.Android.csproj", "{53F0C31C-B3B3-48A7-8964-90618D447410}"
EndProject
Project("{FAE04EC0-301F-11D3-BF4B-00C04F79EFBC}") = "Optiflow.iOS", "Optiflow\Optiflow.iOS\Optiflow.iOS.csproj", "{89487569-7587-435C-B91A-88B5C6213742}"
EndProject
Project("{FAE04EC0-301F-11D3-BF4B-00C04F79EFBC}") = "Optiflow.UWP", "Optiflow\Optiflow.UWP\Optiflow.UWP.csproj", "{FFF48ABA-BFDC-41A7-88C8-BA114FEF9C59}"
EndProject
Project("{D954291E-2A0B-460D-934E-DC6B0785DB48}") = "Optiflow", "Optiflow\Optiflow\Optiflow.shproj", "{C1352709-DE0E-465E-A2F8-F8DB1C1585F2}"
EndProject
Project("{2150E333-8FDC-42A3-9474-1A3956D46DE8}") = "Mobile", "Mobile", "{86E19E12-1E57-43EE-AA91-E5EC29959805}"
EndProject
Project("{9A19103F-16F7-4668-BE54-9A1E7A4F7556}") = "OptiflowApi", "OptiflowApi\OptiflowApi.csproj", "{D6CC46C5-D779-4EF4-B907-BB633532F1A7}"
EndProject
Project("{9A19103F-16F7-4668-BE54-9A1E7A4F7556}") = "TestApi", "TestApi\TestApi.csproj", "{85824F6C-5F42-4E41-830A-D7279FFC9496}"
EndProject
Project("{FAE04EC0-301F-11D3-BF4B-00C04F79EFBC}") = "LoginApi", "LoginApi\LoginApi.csproj", "{FDD33F0D-F9E4-45A2-818D-9723FAA91CA0}"
EndProject
Global
	GlobalSection(SharedMSBuildProjectFiles) = preSolution
		Optiflow\Optiflow\Optiflow.projitems*{53f0c31c-b3b3-48a7-8964-90618d447410}*SharedItemsImports = 4
		Optiflow\Optiflow\Optiflow.projitems*{89487569-7587-435c-b91a-88b5c6213742}*SharedItemsImports = 4
		Optiflow\Optiflow\Optiflow.projitems*{c1352709-de0e-465e-a2f8-f8db1c1585f2}*SharedItemsImports = 13
		Optiflow\Optiflow\Optiflow.projitems*{fff48aba-bfdc-41a7-88c8-ba114fef9c59}*SharedItemsImports = 4
	EndGlobalSection
	GlobalSection(SolutionConfigurationPlatforms) = preSolution
		Ad-Hoc|Any CPU = Ad-Hoc|Any CPU
		Ad-Hoc|ARM = Ad-Hoc|ARM
		Ad-Hoc|iPhone = Ad-Hoc|iPhone
		Ad-Hoc|iPhoneSimulator = Ad-Hoc|iPhoneSimulator
		Ad-Hoc|x64 = Ad-Hoc|x64
		Ad-Hoc|x86 = Ad-Hoc|x86
		AppStore|Any CPU = AppStore|Any CPU
		AppStore|ARM = AppStore|ARM
		AppStore|iPhone = AppStore|iPhone
		AppStore|iPhoneSimulator = AppStore|iPhoneSimulator
		AppStore|x64 = AppStore|x64
		AppStore|x86 = AppStore|x86
		Debug|Any CPU = Debug|Any CPU
		Debug|ARM = Debug|ARM
		Debug|iPhone = Debug|iPhone
		Debug|iPhoneSimulator = Debug|iPhoneSimulator
		Debug|x64 = Debug|x64
		Debug|x86 = Debug|x86
		Release|Any CPU = Release|Any CPU
		Release|ARM = Release|ARM
		Release|iPhone = Release|iPhone
		Release|iPhoneSimulator = Release|iPhoneSimulator
		Release|x64 = Release|x64
		Release|x86 = Release|x86
	EndGlobalSection
	GlobalSection(ProjectConfigurationPlatforms) = postSolution
		{53F0C31C-B3B3-48A7-8964-90618D447410}.Ad-Hoc|Any CPU.ActiveCfg = Release|Any CPU
		{53F0C31C-B3B3-48A7-8964-90618D447410}.Ad-Hoc|Any CPU.Build.0 = Release|Any CPU
		{53F0C31C-B3B3-48A7-8964-90618D447410}.Ad-Hoc|Any CPU.Deploy.0 = Release|Any CPU
		{53F0C31C-B3B3-48A7-8964-90618D447410}.Ad-Hoc|ARM.ActiveCfg = Release|Any CPU
		{53F0C31C-B3B3-48A7-8964-90618D447410}.Ad-Hoc|ARM.Build.0 = Release|Any CPU
		{53F0C31C-B3B3-48A7-8964-90618D447410}.Ad-Hoc|ARM.Deploy.0 = Release|Any CPU
		{53F0C31C-B3B3-48A7-8964-90618D447410}.Ad-Hoc|iPhone.ActiveCfg = Release|Any CPU
		{53F0C31C-B3B3-48A7-8964-90618D447410}.Ad-Hoc|iPhone.Build.0 = Release|Any CPU
		{53F0C31C-B3B3-48A7-8964-90618D447410}.Ad-Hoc|iPhone.Deploy.0 = Release|Any CPU
		{53F0C31C-B3B3-48A7-8964-90618D447410}.Ad-Hoc|iPhoneSimulator.ActiveCfg = Release|Any CPU
		{53F0C31C-B3B3-48A7-8964-90618D447410}.Ad-Hoc|iPhoneSimulator.Build.0 = Release|Any CPU
		{53F0C31C-B3B3-48A7-8964-90618D447410}.Ad-Hoc|iPhoneSimulator.Deploy.0 = Release|Any CPU
		{53F0C31C-B3B3-48A7-8964-90618D447410}.Ad-Hoc|x64.ActiveCfg = Release|Any CPU
		{53F0C31C-B3B3-48A7-8964-90618D447410}.Ad-Hoc|x64.Build.0 = Release|Any CPU
		{53F0C31C-B3B3-48A7-8964-90618D447410}.Ad-Hoc|x64.Deploy.0 = Release|Any CPU
		{53F0C31C-B3B3-48A7-8964-90618D447410}.Ad-Hoc|x86.ActiveCfg = Release|Any CPU
		{53F0C31C-B3B3-48A7-8964-90618D447410}.Ad-Hoc|x86.Build.0 = Release|Any CPU
		{53F0C31C-B3B3-48A7-8964-90618D447410}.Ad-Hoc|x86.Deploy.0 = Release|Any CPU
		{53F0C31C-B3B3-48A7-8964-90618D447410}.AppStore|Any CPU.ActiveCfg = Release|Any CPU
		{53F0C31C-B3B3-48A7-8964-90618D447410}.AppStore|Any CPU.Build.0 = Release|Any CPU
		{53F0C31C-B3B3-48A7-8964-90618D447410}.AppStore|Any CPU.Deploy.0 = Release|Any CPU
		{53F0C31C-B3B3-48A7-8964-90618D447410}.AppStore|ARM.ActiveCfg = Release|Any CPU
		{53F0C31C-B3B3-48A7-8964-90618D447410}.AppStore|ARM.Build.0 = Release|Any CPU
		{53F0C31C-B3B3-48A7-8964-90618D447410}.AppStore|ARM.Deploy.0 = Release|Any CPU
		{53F0C31C-B3B3-48A7-8964-90618D447410}.AppStore|iPhone.ActiveCfg = Release|Any CPU
		{53F0C31C-B3B3-48A7-8964-90618D447410}.AppStore|iPhone.Build.0 = Release|Any CPU
		{53F0C31C-B3B3-48A7-8964-90618D447410}.AppStore|iPhone.Deploy.0 = Release|Any CPU
		{53F0C31C-B3B3-48A7-8964-90618D447410}.AppStore|iPhoneSimulator.ActiveCfg = Release|Any CPU
		{53F0C31C-B3B3-48A7-8964-90618D447410}.AppStore|iPhoneSimulator.Build.0 = Release|Any CPU
		{53F0C31C-B3B3-48A7-8964-90618D447410}.AppStore|iPhoneSimulator.Deploy.0 = Release|Any CPU
		{53F0C31C-B3B3-48A7-8964-90618D447410}.AppStore|x64.ActiveCfg = Release|Any CPU
		{53F0C31C-B3B3-48A7-8964-90618D447410}.AppStore|x64.Build.0 = Release|Any CPU
		{53F0C31C-B3B3-48A7-8964-90618D447410}.AppStore|x64.Deploy.0 = Release|Any CPU
		{53F0C31C-B3B3-48A7-8964-90618D447410}.AppStore|x86.ActiveCfg = Release|Any CPU
		{53F0C31C-B3B3-48A7-8964-90618D447410}.AppStore|x86.Build.0 = Release|Any CPU
		{53F0C31C-B3B3-48A7-8964-90618D447410}.AppStore|x86.Deploy.0 = Release|Any CPU
		{53F0C31C-B3B3-48A7-8964-90618D447410}.Debug|Any CPU.ActiveCfg = Debug|Any CPU
		{53F0C31C-B3B3-48A7-8964-90618D447410}.Debug|Any CPU.Build.0 = Debug|Any CPU
		{53F0C31C-B3B3-48A7-8964-90618D447410}.Debug|Any CPU.Deploy.0 = Debug|Any CPU
		{53F0C31C-B3B3-48A7-8964-90618D447410}.Debug|ARM.ActiveCfg = Debug|Any CPU
		{53F0C31C-B3B3-48A7-8964-90618D447410}.Debug|ARM.Build.0 = Debug|Any CPU
		{53F0C31C-B3B3-48A7-8964-90618D447410}.Debug|ARM.Deploy.0 = Debug|Any CPU
		{53F0C31C-B3B3-48A7-8964-90618D447410}.Debug|iPhone.ActiveCfg = Debug|Any CPU
		{53F0C31C-B3B3-48A7-8964-90618D447410}.Debug|iPhone.Build.0 = Debug|Any CPU
		{53F0C31C-B3B3-48A7-8964-90618D447410}.Debug|iPhone.Deploy.0 = Debug|Any CPU
		{53F0C31C-B3B3-48A7-8964-90618D447410}.Debug|iPhoneSimulator.ActiveCfg = Debug|Any CPU
		{53F0C31C-B3B3-48A7-8964-90618D447410}.Debug|iPhoneSimulator.Build.0 = Debug|Any CPU
		{53F0C31C-B3B3-48A7-8964-90618D447410}.Debug|iPhoneSimulator.Deploy.0 = Debug|Any CPU
		{53F0C31C-B3B3-48A7-8964-90618D447410}.Debug|x64.ActiveCfg = Debug|Any CPU
		{53F0C31C-B3B3-48A7-8964-90618D447410}.Debug|x64.Build.0 = Debug|Any CPU
		{53F0C31C-B3B3-48A7-8964-90618D447410}.Debug|x64.Deploy.0 = Debug|Any CPU
		{53F0C31C-B3B3-48A7-8964-90618D447410}.Debug|x86.ActiveCfg = Debug|Any CPU
		{53F0C31C-B3B3-48A7-8964-90618D447410}.Debug|x86.Build.0 = Debug|Any CPU
		{53F0C31C-B3B3-48A7-8964-90618D447410}.Debug|x86.Deploy.0 = Debug|Any CPU
		{53F0C31C-B3B3-48A7-8964-90618D447410}.Release|Any CPU.ActiveCfg = Release|Any CPU
		{53F0C31C-B3B3-48A7-8964-90618D447410}.Release|Any CPU.Build.0 = Release|Any CPU
		{53F0C31C-B3B3-48A7-8964-90618D447410}.Release|Any CPU.Deploy.0 = Release|Any CPU
		{53F0C31C-B3B3-48A7-8964-90618D447410}.Release|ARM.ActiveCfg = Release|Any CPU
		{53F0C31C-B3B3-48A7-8964-90618D447410}.Release|ARM.Build.0 = Release|Any CPU
		{53F0C31C-B3B3-48A7-8964-90618D447410}.Release|ARM.Deploy.0 = Release|Any CPU
		{53F0C31C-B3B3-48A7-8964-90618D447410}.Release|iPhone.ActiveCfg = Release|Any CPU
		{53F0C31C-B3B3-48A7-8964-90618D447410}.Release|iPhone.Build.0 = Release|Any CPU
		{53F0C31C-B3B3-48A7-8964-90618D447410}.Release|iPhone.Deploy.0 = Release|Any CPU
		{53F0C31C-B3B3-48A7-8964-90618D447410}.Release|iPhoneSimulator.ActiveCfg = Release|Any CPU
		{53F0C31C-B3B3-48A7-8964-90618D447410}.Release|iPhoneSimulator.Build.0 = Release|Any CPU
		{53F0C31C-B3B3-48A7-8964-90618D447410}.Release|iPhoneSimulator.Deploy.0 = Release|Any CPU
		{53F0C31C-B3B3-48A7-8964-90618D447410}.Release|x64.ActiveCfg = Release|Any CPU
		{53F0C31C-B3B3-48A7-8964-90618D447410}.Release|x64.Build.0 = Release|Any CPU
		{53F0C31C-B3B3-48A7-8964-90618D447410}.Release|x64.Deploy.0 = Release|Any CPU
		{53F0C31C-B3B3-48A7-8964-90618D447410}.Release|x86.ActiveCfg = Release|Any CPU
		{53F0C31C-B3B3-48A7-8964-90618D447410}.Release|x86.Build.0 = Release|Any CPU
		{53F0C31C-B3B3-48A7-8964-90618D447410}.Release|x86.Deploy.0 = Release|Any CPU
		{89487569-7587-435C-B91A-88B5C6213742}.Ad-Hoc|Any CPU.ActiveCfg = Ad-Hoc|iPhone
		{89487569-7587-435C-B91A-88B5C6213742}.Ad-Hoc|ARM.ActiveCfg = Ad-Hoc|iPhone
		{89487569-7587-435C-B91A-88B5C6213742}.Ad-Hoc|iPhone.ActiveCfg = Ad-Hoc|iPhone
		{89487569-7587-435C-B91A-88B5C6213742}.Ad-Hoc|iPhone.Build.0 = Ad-Hoc|iPhone
		{89487569-7587-435C-B91A-88B5C6213742}.Ad-Hoc|iPhoneSimulator.ActiveCfg = Ad-Hoc|iPhoneSimulator
		{89487569-7587-435C-B91A-88B5C6213742}.Ad-Hoc|iPhoneSimulator.Build.0 = Ad-Hoc|iPhoneSimulator
		{89487569-7587-435C-B91A-88B5C6213742}.Ad-Hoc|x64.ActiveCfg = Ad-Hoc|iPhone
		{89487569-7587-435C-B91A-88B5C6213742}.Ad-Hoc|x86.ActiveCfg = Ad-Hoc|iPhone
		{89487569-7587-435C-B91A-88B5C6213742}.AppStore|Any CPU.ActiveCfg = AppStore|iPhone
		{89487569-7587-435C-B91A-88B5C6213742}.AppStore|ARM.ActiveCfg = AppStore|iPhone
		{89487569-7587-435C-B91A-88B5C6213742}.AppStore|iPhone.ActiveCfg = AppStore|iPhone
		{89487569-7587-435C-B91A-88B5C6213742}.AppStore|iPhone.Build.0 = AppStore|iPhone
		{89487569-7587-435C-B91A-88B5C6213742}.AppStore|iPhoneSimulator.ActiveCfg = AppStore|iPhoneSimulator
		{89487569-7587-435C-B91A-88B5C6213742}.AppStore|iPhoneSimulator.Build.0 = AppStore|iPhoneSimulator
		{89487569-7587-435C-B91A-88B5C6213742}.AppStore|x64.ActiveCfg = AppStore|iPhone
		{89487569-7587-435C-B91A-88B5C6213742}.AppStore|x86.ActiveCfg = AppStore|iPhone
		{89487569-7587-435C-B91A-88B5C6213742}.Debug|Any CPU.ActiveCfg = Debug|iPhone
		{89487569-7587-435C-B91A-88B5C6213742}.Debug|ARM.ActiveCfg = Debug|iPhone
		{89487569-7587-435C-B91A-88B5C6213742}.Debug|iPhone.ActiveCfg = Debug|iPhone
		{89487569-7587-435C-B91A-88B5C6213742}.Debug|iPhone.Build.0 = Debug|iPhone
		{89487569-7587-435C-B91A-88B5C6213742}.Debug|iPhoneSimulator.ActiveCfg = Debug|iPhoneSimulator
		{89487569-7587-435C-B91A-88B5C6213742}.Debug|iPhoneSimulator.Build.0 = Debug|iPhoneSimulator
		{89487569-7587-435C-B91A-88B5C6213742}.Debug|x64.ActiveCfg = Debug|iPhone
		{89487569-7587-435C-B91A-88B5C6213742}.Debug|x86.ActiveCfg = Debug|iPhone
		{89487569-7587-435C-B91A-88B5C6213742}.Release|Any CPU.ActiveCfg = Release|iPhone
		{89487569-7587-435C-B91A-88B5C6213742}.Release|ARM.ActiveCfg = Release|iPhone
		{89487569-7587-435C-B91A-88B5C6213742}.Release|iPhone.ActiveCfg = Release|iPhone
		{89487569-7587-435C-B91A-88B5C6213742}.Release|iPhone.Build.0 = Release|iPhone
		{89487569-7587-435C-B91A-88B5C6213742}.Release|iPhoneSimulator.ActiveCfg = Release|iPhoneSimulator
		{89487569-7587-435C-B91A-88B5C6213742}.Release|iPhoneSimulator.Build.0 = Release|iPhoneSimulator
		{89487569-7587-435C-B91A-88B5C6213742}.Release|x64.ActiveCfg = Release|iPhone
		{89487569-7587-435C-B91A-88B5C6213742}.Release|x86.ActiveCfg = Release|iPhone
		{FFF48ABA-BFDC-41A7-88C8-BA114FEF9C59}.Ad-Hoc|Any CPU.ActiveCfg = Release|x86
		{FFF48ABA-BFDC-41A7-88C8-BA114FEF9C59}.Ad-Hoc|Any CPU.Build.0 = Release|x86
		{FFF48ABA-BFDC-41A7-88C8-BA114FEF9C59}.Ad-Hoc|Any CPU.Deploy.0 = Release|x86
		{FFF48ABA-BFDC-41A7-88C8-BA114FEF9C59}.Ad-Hoc|ARM.ActiveCfg = Release|ARM
		{FFF48ABA-BFDC-41A7-88C8-BA114FEF9C59}.Ad-Hoc|ARM.Build.0 = Release|ARM
		{FFF48ABA-BFDC-41A7-88C8-BA114FEF9C59}.Ad-Hoc|ARM.Deploy.0 = Release|ARM
		{FFF48ABA-BFDC-41A7-88C8-BA114FEF9C59}.Ad-Hoc|iPhone.ActiveCfg = Release|x86
		{FFF48ABA-BFDC-41A7-88C8-BA114FEF9C59}.Ad-Hoc|iPhone.Build.0 = Release|x86
		{FFF48ABA-BFDC-41A7-88C8-BA114FEF9C59}.Ad-Hoc|iPhone.Deploy.0 = Release|x86
		{FFF48ABA-BFDC-41A7-88C8-BA114FEF9C59}.Ad-Hoc|iPhoneSimulator.ActiveCfg = Release|x86
		{FFF48ABA-BFDC-41A7-88C8-BA114FEF9C59}.Ad-Hoc|iPhoneSimulator.Build.0 = Release|x86
		{FFF48ABA-BFDC-41A7-88C8-BA114FEF9C59}.Ad-Hoc|iPhoneSimulator.Deploy.0 = Release|x86
		{FFF48ABA-BFDC-41A7-88C8-BA114FEF9C59}.Ad-Hoc|x64.ActiveCfg = Release|x64
		{FFF48ABA-BFDC-41A7-88C8-BA114FEF9C59}.Ad-Hoc|x64.Build.0 = Release|x64
		{FFF48ABA-BFDC-41A7-88C8-BA114FEF9C59}.Ad-Hoc|x64.Deploy.0 = Release|x64
		{FFF48ABA-BFDC-41A7-88C8-BA114FEF9C59}.Ad-Hoc|x86.ActiveCfg = Release|x86
		{FFF48ABA-BFDC-41A7-88C8-BA114FEF9C59}.Ad-Hoc|x86.Build.0 = Release|x86
		{FFF48ABA-BFDC-41A7-88C8-BA114FEF9C59}.Ad-Hoc|x86.Deploy.0 = Release|x86
		{FFF48ABA-BFDC-41A7-88C8-BA114FEF9C59}.AppStore|Any CPU.ActiveCfg = Release|x86
		{FFF48ABA-BFDC-41A7-88C8-BA114FEF9C59}.AppStore|Any CPU.Build.0 = Release|x86
		{FFF48ABA-BFDC-41A7-88C8-BA114FEF9C59}.AppStore|Any CPU.Deploy.0 = Release|x86
		{FFF48ABA-BFDC-41A7-88C8-BA114FEF9C59}.AppStore|ARM.ActiveCfg = Release|ARM
		{FFF48ABA-BFDC-41A7-88C8-BA114FEF9C59}.AppStore|ARM.Build.0 = Release|ARM
		{FFF48ABA-BFDC-41A7-88C8-BA114FEF9C59}.AppStore|ARM.Deploy.0 = Release|ARM
		{FFF48ABA-BFDC-41A7-88C8-BA114FEF9C59}.AppStore|iPhone.ActiveCfg = Release|x86
		{FFF48ABA-BFDC-41A7-88C8-BA114FEF9C59}.AppStore|iPhone.Build.0 = Release|x86
		{FFF48ABA-BFDC-41A7-88C8-BA114FEF9C59}.AppStore|iPhone.Deploy.0 = Release|x86
		{FFF48ABA-BFDC-41A7-88C8-BA114FEF9C59}.AppStore|iPhoneSimulator.ActiveCfg = Release|x86
		{FFF48ABA-BFDC-41A7-88C8-BA114FEF9C59}.AppStore|iPhoneSimulator.Build.0 = Release|x86
		{FFF48ABA-BFDC-41A7-88C8-BA114FEF9C59}.AppStore|iPhoneSimulator.Deploy.0 = Release|x86
		{FFF48ABA-BFDC-41A7-88C8-BA114FEF9C59}.AppStore|x64.ActiveCfg = Release|x64
		{FFF48ABA-BFDC-41A7-88C8-BA114FEF9C59}.AppStore|x64.Build.0 = Release|x64
		{FFF48ABA-BFDC-41A7-88C8-BA114FEF9C59}.AppStore|x64.Deploy.0 = Release|x64
		{FFF48ABA-BFDC-41A7-88C8-BA114FEF9C59}.AppStore|x86.ActiveCfg = Release|x86
		{FFF48ABA-BFDC-41A7-88C8-BA114FEF9C59}.AppStore|x86.Build.0 = Release|x86
		{FFF48ABA-BFDC-41A7-88C8-BA114FEF9C59}.AppStore|x86.Deploy.0 = Release|x86
		{FFF48ABA-BFDC-41A7-88C8-BA114FEF9C59}.Debug|Any CPU.ActiveCfg = Debug|x86
		{FFF48ABA-BFDC-41A7-88C8-BA114FEF9C59}.Debug|ARM.ActiveCfg = Debug|ARM
		{FFF48ABA-BFDC-41A7-88C8-BA114FEF9C59}.Debug|ARM.Build.0 = Debug|ARM
		{FFF48ABA-BFDC-41A7-88C8-BA114FEF9C59}.Debug|ARM.Deploy.0 = Debug|ARM
		{FFF48ABA-BFDC-41A7-88C8-BA114FEF9C59}.Debug|iPhone.ActiveCfg = Debug|x86
		{FFF48ABA-BFDC-41A7-88C8-BA114FEF9C59}.Debug|iPhoneSimulator.ActiveCfg = Debug|x86
		{FFF48ABA-BFDC-41A7-88C8-BA114FEF9C59}.Debug|x64.ActiveCfg = Debug|x64
		{FFF48ABA-BFDC-41A7-88C8-BA114FEF9C59}.Debug|x64.Build.0 = Debug|x64
		{FFF48ABA-BFDC-41A7-88C8-BA114FEF9C59}.Debug|x64.Deploy.0 = Debug|x64
		{FFF48ABA-BFDC-41A7-88C8-BA114FEF9C59}.Debug|x86.ActiveCfg = Debug|x86
		{FFF48ABA-BFDC-41A7-88C8-BA114FEF9C59}.Debug|x86.Build.0 = Debug|x86
		{FFF48ABA-BFDC-41A7-88C8-BA114FEF9C59}.Debug|x86.Deploy.0 = Debug|x86
		{FFF48ABA-BFDC-41A7-88C8-BA114FEF9C59}.Release|Any CPU.ActiveCfg = Release|x86
		{FFF48ABA-BFDC-41A7-88C8-BA114FEF9C59}.Release|ARM.ActiveCfg = Release|ARM
		{FFF48ABA-BFDC-41A7-88C8-BA114FEF9C59}.Release|ARM.Build.0 = Release|ARM
		{FFF48ABA-BFDC-41A7-88C8-BA114FEF9C59}.Release|ARM.Deploy.0 = Release|ARM
		{FFF48ABA-BFDC-41A7-88C8-BA114FEF9C59}.Release|iPhone.ActiveCfg = Release|x86
		{FFF48ABA-BFDC-41A7-88C8-BA114FEF9C59}.Release|iPhoneSimulator.ActiveCfg = Release|x86
		{FFF48ABA-BFDC-41A7-88C8-BA114FEF9C59}.Release|x64.ActiveCfg = Release|x64
		{FFF48ABA-BFDC-41A7-88C8-BA114FEF9C59}.Release|x64.Build.0 = Release|x64
		{FFF48ABA-BFDC-41A7-88C8-BA114FEF9C59}.Release|x64.Deploy.0 = Release|x64
		{FFF48ABA-BFDC-41A7-88C8-BA114FEF9C59}.Release|x86.ActiveCfg = Release|x86
		{FFF48ABA-BFDC-41A7-88C8-BA114FEF9C59}.Release|x86.Build.0 = Release|x86
		{FFF48ABA-BFDC-41A7-88C8-BA114FEF9C59}.Release|x86.Deploy.0 = Release|x86
		{D6CC46C5-D779-4EF4-B907-BB633532F1A7}.Ad-Hoc|Any CPU.ActiveCfg = Debug|Any CPU
		{D6CC46C5-D779-4EF4-B907-BB633532F1A7}.Ad-Hoc|Any CPU.Build.0 = Debug|Any CPU
		{D6CC46C5-D779-4EF4-B907-BB633532F1A7}.Ad-Hoc|ARM.ActiveCfg = Debug|Any CPU
		{D6CC46C5-D779-4EF4-B907-BB633532F1A7}.Ad-Hoc|ARM.Build.0 = Debug|Any CPU
		{D6CC46C5-D779-4EF4-B907-BB633532F1A7}.Ad-Hoc|iPhone.ActiveCfg = Debug|Any CPU
		{D6CC46C5-D779-4EF4-B907-BB633532F1A7}.Ad-Hoc|iPhone.Build.0 = Debug|Any CPU
		{D6CC46C5-D779-4EF4-B907-BB633532F1A7}.Ad-Hoc|iPhoneSimulator.ActiveCfg = Debug|Any CPU
		{D6CC46C5-D779-4EF4-B907-BB633532F1A7}.Ad-Hoc|iPhoneSimulator.Build.0 = Debug|Any CPU
		{D6CC46C5-D779-4EF4-B907-BB633532F1A7}.Ad-Hoc|x64.ActiveCfg = Debug|Any CPU
		{D6CC46C5-D779-4EF4-B907-BB633532F1A7}.Ad-Hoc|x64.Build.0 = Debug|Any CPU
		{D6CC46C5-D779-4EF4-B907-BB633532F1A7}.Ad-Hoc|x86.ActiveCfg = Debug|Any CPU
		{D6CC46C5-D779-4EF4-B907-BB633532F1A7}.Ad-Hoc|x86.Build.0 = Debug|Any CPU
		{D6CC46C5-D779-4EF4-B907-BB633532F1A7}.AppStore|Any CPU.ActiveCfg = Debug|Any CPU
		{D6CC46C5-D779-4EF4-B907-BB633532F1A7}.AppStore|Any CPU.Build.0 = Debug|Any CPU
		{D6CC46C5-D779-4EF4-B907-BB633532F1A7}.AppStore|ARM.ActiveCfg = Debug|Any CPU
		{D6CC46C5-D779-4EF4-B907-BB633532F1A7}.AppStore|ARM.Build.0 = Debug|Any CPU
		{D6CC46C5-D779-4EF4-B907-BB633532F1A7}.AppStore|iPhone.ActiveCfg = Debug|Any CPU
		{D6CC46C5-D779-4EF4-B907-BB633532F1A7}.AppStore|iPhone.Build.0 = Debug|Any CPU
		{D6CC46C5-D779-4EF4-B907-BB633532F1A7}.AppStore|iPhoneSimulator.ActiveCfg = Debug|Any CPU
		{D6CC46C5-D779-4EF4-B907-BB633532F1A7}.AppStore|iPhoneSimulator.Build.0 = Debug|Any CPU
		{D6CC46C5-D779-4EF4-B907-BB633532F1A7}.AppStore|x64.ActiveCfg = Debug|Any CPU
		{D6CC46C5-D779-4EF4-B907-BB633532F1A7}.AppStore|x64.Build.0 = Debug|Any CPU
		{D6CC46C5-D779-4EF4-B907-BB633532F1A7}.AppStore|x86.ActiveCfg = Debug|Any CPU
		{D6CC46C5-D779-4EF4-B907-BB633532F1A7}.AppStore|x86.Build.0 = Debug|Any CPU
		{D6CC46C5-D779-4EF4-B907-BB633532F1A7}.Debug|Any CPU.ActiveCfg = Debug|Any CPU
		{D6CC46C5-D779-4EF4-B907-BB633532F1A7}.Debug|Any CPU.Build.0 = Debug|Any CPU
		{D6CC46C5-D779-4EF4-B907-BB633532F1A7}.Debug|ARM.ActiveCfg = Debug|Any CPU
		{D6CC46C5-D779-4EF4-B907-BB633532F1A7}.Debug|ARM.Build.0 = Debug|Any CPU
		{D6CC46C5-D779-4EF4-B907-BB633532F1A7}.Debug|iPhone.ActiveCfg = Debug|Any CPU
		{D6CC46C5-D779-4EF4-B907-BB633532F1A7}.Debug|iPhone.Build.0 = Debug|Any CPU
		{D6CC46C5-D779-4EF4-B907-BB633532F1A7}.Debug|iPhoneSimulator.ActiveCfg = Debug|Any CPU
		{D6CC46C5-D779-4EF4-B907-BB633532F1A7}.Debug|iPhoneSimulator.Build.0 = Debug|Any CPU
		{D6CC46C5-D779-4EF4-B907-BB633532F1A7}.Debug|x64.ActiveCfg = Debug|Any CPU
		{D6CC46C5-D779-4EF4-B907-BB633532F1A7}.Debug|x64.Build.0 = Debug|Any CPU
		{D6CC46C5-D779-4EF4-B907-BB633532F1A7}.Debug|x86.ActiveCfg = Debug|Any CPU
		{D6CC46C5-D779-4EF4-B907-BB633532F1A7}.Debug|x86.Build.0 = Debug|Any CPU
		{D6CC46C5-D779-4EF4-B907-BB633532F1A7}.Release|Any CPU.ActiveCfg = Release|Any CPU
		{D6CC46C5-D779-4EF4-B907-BB633532F1A7}.Release|Any CPU.Build.0 = Release|Any CPU
		{D6CC46C5-D779-4EF4-B907-BB633532F1A7}.Release|ARM.ActiveCfg = Release|Any CPU
		{D6CC46C5-D779-4EF4-B907-BB633532F1A7}.Release|ARM.Build.0 = Release|Any CPU
		{D6CC46C5-D779-4EF4-B907-BB633532F1A7}.Release|iPhone.ActiveCfg = Release|Any CPU
		{D6CC46C5-D779-4EF4-B907-BB633532F1A7}.Release|iPhone.Build.0 = Release|Any CPU
		{D6CC46C5-D779-4EF4-B907-BB633532F1A7}.Release|iPhoneSimulator.ActiveCfg = Release|Any CPU
		{D6CC46C5-D779-4EF4-B907-BB633532F1A7}.Release|iPhoneSimulator.Build.0 = Release|Any CPU
		{D6CC46C5-D779-4EF4-B907-BB633532F1A7}.Release|x64.ActiveCfg = Release|Any CPU
		{D6CC46C5-D779-4EF4-B907-BB633532F1A7}.Release|x64.Build.0 = Release|Any CPU
		{D6CC46C5-D779-4EF4-B907-BB633532F1A7}.Release|x86.ActiveCfg = Release|Any CPU
		{D6CC46C5-D779-4EF4-B907-BB633532F1A7}.Release|x86.Build.0 = Release|Any CPU
		{85824F6C-5F42-4E41-830A-D7279FFC9496}.Ad-Hoc|Any CPU.ActiveCfg = Debug|Any CPU
		{85824F6C-5F42-4E41-830A-D7279FFC9496}.Ad-Hoc|Any CPU.Build.0 = Debug|Any CPU
		{85824F6C-5F42-4E41-830A-D7279FFC9496}.Ad-Hoc|ARM.ActiveCfg = Debug|Any CPU
		{85824F6C-5F42-4E41-830A-D7279FFC9496}.Ad-Hoc|ARM.Build.0 = Debug|Any CPU
		{85824F6C-5F42-4E41-830A-D7279FFC9496}.Ad-Hoc|iPhone.ActiveCfg = Debug|Any CPU
		{85824F6C-5F42-4E41-830A-D7279FFC9496}.Ad-Hoc|iPhone.Build.0 = Debug|Any CPU
		{85824F6C-5F42-4E41-830A-D7279FFC9496}.Ad-Hoc|iPhoneSimulator.ActiveCfg = Debug|Any CPU
		{85824F6C-5F42-4E41-830A-D7279FFC9496}.Ad-Hoc|iPhoneSimulator.Build.0 = Debug|Any CPU
		{85824F6C-5F42-4E41-830A-D7279FFC9496}.Ad-Hoc|x64.ActiveCfg = Debug|Any CPU
		{85824F6C-5F42-4E41-830A-D7279FFC9496}.Ad-Hoc|x64.Build.0 = Debug|Any CPU
		{85824F6C-5F42-4E41-830A-D7279FFC9496}.Ad-Hoc|x86.ActiveCfg = Debug|Any CPU
		{85824F6C-5F42-4E41-830A-D7279FFC9496}.Ad-Hoc|x86.Build.0 = Debug|Any CPU
		{85824F6C-5F42-4E41-830A-D7279FFC9496}.AppStore|Any CPU.ActiveCfg = Debug|Any CPU
		{85824F6C-5F42-4E41-830A-D7279FFC9496}.AppStore|Any CPU.Build.0 = Debug|Any CPU
		{85824F6C-5F42-4E41-830A-D7279FFC9496}.AppStore|ARM.ActiveCfg = Debug|Any CPU
		{85824F6C-5F42-4E41-830A-D7279FFC9496}.AppStore|ARM.Build.0 = Debug|Any CPU
		{85824F6C-5F42-4E41-830A-D7279FFC9496}.AppStore|iPhone.ActiveCfg = Debug|Any CPU
		{85824F6C-5F42-4E41-830A-D7279FFC9496}.AppStore|iPhone.Build.0 = Debug|Any CPU
		{85824F6C-5F42-4E41-830A-D7279FFC9496}.AppStore|iPhoneSimulator.ActiveCfg = Debug|Any CPU
		{85824F6C-5F42-4E41-830A-D7279FFC9496}.AppStore|iPhoneSimulator.Build.0 = Debug|Any CPU
		{85824F6C-5F42-4E41-830A-D7279FFC9496}.AppStore|x64.ActiveCfg = Debug|Any CPU
		{85824F6C-5F42-4E41-830A-D7279FFC9496}.AppStore|x64.Build.0 = Debug|Any CPU
		{85824F6C-5F42-4E41-830A-D7279FFC9496}.AppStore|x86.ActiveCfg = Debug|Any CPU
		{85824F6C-5F42-4E41-830A-D7279FFC9496}.AppStore|x86.Build.0 = Debug|Any CPU
		{85824F6C-5F42-4E41-830A-D7279FFC9496}.Debug|Any CPU.ActiveCfg = Debug|Any CPU
		{85824F6C-5F42-4E41-830A-D7279FFC9496}.Debug|Any CPU.Build.0 = Debug|Any CPU
		{85824F6C-5F42-4E41-830A-D7279FFC9496}.Debug|ARM.ActiveCfg = Debug|Any CPU
		{85824F6C-5F42-4E41-830A-D7279FFC9496}.Debug|ARM.Build.0 = Debug|Any CPU
		{85824F6C-5F42-4E41-830A-D7279FFC9496}.Debug|iPhone.ActiveCfg = Debug|Any CPU
		{85824F6C-5F42-4E41-830A-D7279FFC9496}.Debug|iPhone.Build.0 = Debug|Any CPU
		{85824F6C-5F42-4E41-830A-D7279FFC9496}.Debug|iPhoneSimulator.ActiveCfg = Debug|Any CPU
		{85824F6C-5F42-4E41-830A-D7279FFC9496}.Debug|iPhoneSimulator.Build.0 = Debug|Any CPU
		{85824F6C-5F42-4E41-830A-D7279FFC9496}.Debug|x64.ActiveCfg = Debug|Any CPU
		{85824F6C-5F42-4E41-830A-D7279FFC9496}.Debug|x64.Build.0 = Debug|Any CPU
		{85824F6C-5F42-4E41-830A-D7279FFC9496}.Debug|x86.ActiveCfg = Debug|Any CPU
		{85824F6C-5F42-4E41-830A-D7279FFC9496}.Debug|x86.Build.0 = Debug|Any CPU
		{85824F6C-5F42-4E41-830A-D7279FFC9496}.Release|Any CPU.ActiveCfg = Release|Any CPU
		{85824F6C-5F42-4E41-830A-D7279FFC9496}.Release|Any CPU.Build.0 = Release|Any CPU
		{85824F6C-5F42-4E41-830A-D7279FFC9496}.Release|ARM.ActiveCfg = Release|Any CPU
		{85824F6C-5F42-4E41-830A-D7279FFC9496}.Release|ARM.Build.0 = Release|Any CPU
		{85824F6C-5F42-4E41-830A-D7279FFC9496}.Release|iPhone.ActiveCfg = Release|Any CPU
		{85824F6C-5F42-4E41-830A-D7279FFC9496}.Release|iPhone.Build.0 = Release|Any CPU
		{85824F6C-5F42-4E41-830A-D7279FFC9496}.Release|iPhoneSimulator.ActiveCfg = Release|Any CPU
		{85824F6C-5F42-4E41-830A-D7279FFC9496}.Release|iPhoneSimulator.Build.0 = Release|Any CPU
		{85824F6C-5F42-4E41-830A-D7279FFC9496}.Release|x64.ActiveCfg = Release|Any CPU
		{85824F6C-5F42-4E41-830A-D7279FFC9496}.Release|x64.Build.0 = Release|Any CPU
		{85824F6C-5F42-4E41-830A-D7279FFC9496}.Release|x86.ActiveCfg = Release|Any CPU
		{85824F6C-5F42-4E41-830A-D7279FFC9496}.Release|x86.Build.0 = Release|Any CPU
		{FDD33F0D-F9E4-45A2-818D-9723FAA91CA0}.Ad-Hoc|Any CPU.ActiveCfg = Debug|Any CPU
		{FDD33F0D-F9E4-45A2-818D-9723FAA91CA0}.Ad-Hoc|Any CPU.Build.0 = Debug|Any CPU
		{FDD33F0D-F9E4-45A2-818D-9723FAA91CA0}.Ad-Hoc|ARM.ActiveCfg = Debug|Any CPU
		{FDD33F0D-F9E4-45A2-818D-9723FAA91CA0}.Ad-Hoc|ARM.Build.0 = Debug|Any CPU
		{FDD33F0D-F9E4-45A2-818D-9723FAA91CA0}.Ad-Hoc|iPhone.ActiveCfg = Debug|Any CPU
		{FDD33F0D-F9E4-45A2-818D-9723FAA91CA0}.Ad-Hoc|iPhone.Build.0 = Debug|Any CPU
		{FDD33F0D-F9E4-45A2-818D-9723FAA91CA0}.Ad-Hoc|iPhoneSimulator.ActiveCfg = Debug|Any CPU
		{FDD33F0D-F9E4-45A2-818D-9723FAA91CA0}.Ad-Hoc|iPhoneSimulator.Build.0 = Debug|Any CPU
		{FDD33F0D-F9E4-45A2-818D-9723FAA91CA0}.Ad-Hoc|x64.ActiveCfg = Debug|Any CPU
		{FDD33F0D-F9E4-45A2-818D-9723FAA91CA0}.Ad-Hoc|x64.Build.0 = Debug|Any CPU
		{FDD33F0D-F9E4-45A2-818D-9723FAA91CA0}.Ad-Hoc|x86.ActiveCfg = Debug|Any CPU
		{FDD33F0D-F9E4-45A2-818D-9723FAA91CA0}.Ad-Hoc|x86.Build.0 = Debug|Any CPU
		{FDD33F0D-F9E4-45A2-818D-9723FAA91CA0}.AppStore|Any CPU.ActiveCfg = Debug|Any CPU
		{FDD33F0D-F9E4-45A2-818D-9723FAA91CA0}.AppStore|Any CPU.Build.0 = Debug|Any CPU
		{FDD33F0D-F9E4-45A2-818D-9723FAA91CA0}.AppStore|ARM.ActiveCfg = Debug|Any CPU
		{FDD33F0D-F9E4-45A2-818D-9723FAA91CA0}.AppStore|ARM.Build.0 = Debug|Any CPU
		{FDD33F0D-F9E4-45A2-818D-9723FAA91CA0}.AppStore|iPhone.ActiveCfg = Debug|Any CPU
		{FDD33F0D-F9E4-45A2-818D-9723FAA91CA0}.AppStore|iPhone.Build.0 = Debug|Any CPU
		{FDD33F0D-F9E4-45A2-818D-9723FAA91CA0}.AppStore|iPhoneSimulator.ActiveCfg = Debug|Any CPU
		{FDD33F0D-F9E4-45A2-818D-9723FAA91CA0}.AppStore|iPhoneSimulator.Build.0 = Debug|Any CPU
		{FDD33F0D-F9E4-45A2-818D-9723FAA91CA0}.AppStore|x64.ActiveCfg = Debug|Any CPU
		{FDD33F0D-F9E4-45A2-818D-9723FAA91CA0}.AppStore|x64.Build.0 = Debug|Any CPU
		{FDD33F0D-F9E4-45A2-818D-9723FAA91CA0}.AppStore|x86.ActiveCfg = Debug|Any CPU
		{FDD33F0D-F9E4-45A2-818D-9723FAA91CA0}.AppStore|x86.Build.0 = Debug|Any CPU
		{FDD33F0D-F9E4-45A2-818D-9723FAA91CA0}.Debug|Any CPU.ActiveCfg = Debug|Any CPU
		{FDD33F0D-F9E4-45A2-818D-9723FAA91CA0}.Debug|Any CPU.Build.0 = Debug|Any CPU
		{FDD33F0D-F9E4-45A2-818D-9723FAA91CA0}.Debug|ARM.ActiveCfg = Debug|Any CPU
		{FDD33F0D-F9E4-45A2-818D-9723FAA91CA0}.Debug|ARM.Build.0 = Debug|Any CPU
		{FDD33F0D-F9E4-45A2-818D-9723FAA91CA0}.Debug|iPhone.ActiveCfg = Debug|Any CPU
		{FDD33F0D-F9E4-45A2-818D-9723FAA91CA0}.Debug|iPhone.Build.0 = Debug|Any CPU
		{FDD33F0D-F9E4-45A2-818D-9723FAA91CA0}.Debug|iPhoneSimulator.ActiveCfg = Debug|Any CPU
		{FDD33F0D-F9E4-45A2-818D-9723FAA91CA0}.Debug|iPhoneSimulator.Build.0 = Debug|Any CPU
		{FDD33F0D-F9E4-45A2-818D-9723FAA91CA0}.Debug|x64.ActiveCfg = Debug|Any CPU
		{FDD33F0D-F9E4-45A2-818D-9723FAA91CA0}.Debug|x64.Build.0 = Debug|Any CPU
		{FDD33F0D-F9E4-45A2-818D-9723FAA91CA0}.Debug|x86.ActiveCfg = Debug|Any CPU
		{FDD33F0D-F9E4-45A2-818D-9723FAA91CA0}.Debug|x86.Build.0 = Debug|Any CPU
		{FDD33F0D-F9E4-45A2-818D-9723FAA91CA0}.Release|Any CPU.ActiveCfg = Release|Any CPU
		{FDD33F0D-F9E4-45A2-818D-9723FAA91CA0}.Release|Any CPU.Build.0 = Release|Any CPU
		{FDD33F0D-F9E4-45A2-818D-9723FAA91CA0}.Release|ARM.ActiveCfg = Release|Any CPU
		{FDD33F0D-F9E4-45A2-818D-9723FAA91CA0}.Release|ARM.Build.0 = Release|Any CPU
		{FDD33F0D-F9E4-45A2-818D-9723FAA91CA0}.Release|iPhone.ActiveCfg = Release|Any CPU
		{FDD33F0D-F9E4-45A2-818D-9723FAA91CA0}.Release|iPhone.Build.0 = Release|Any CPU
		{FDD33F0D-F9E4-45A2-818D-9723FAA91CA0}.Release|iPhoneSimulator.ActiveCfg = Release|Any CPU
		{FDD33F0D-F9E4-45A2-818D-9723FAA91CA0}.Release|iPhoneSimulator.Build.0 = Release|Any CPU
		{FDD33F0D-F9E4-45A2-818D-9723FAA91CA0}.Release|x64.ActiveCfg = Release|Any CPU
		{FDD33F0D-F9E4-45A2-818D-9723FAA91CA0}.Release|x64.Build.0 = Release|Any CPU
		{FDD33F0D-F9E4-45A2-818D-9723FAA91CA0}.Release|x86.ActiveCfg = Release|Any CPU
		{FDD33F0D-F9E4-45A2-818D-9723FAA91CA0}.Release|x86.Build.0 = Release|Any CPU
	EndGlobalSection
	GlobalSection(SolutionProperties) = preSolution
		HideSolutionNode = FALSE
	EndGlobalSection
	GlobalSection(NestedProjects) = preSolution
		{53F0C31C-B3B3-48A7-8964-90618D447410} = {86E19E12-1E57-43EE-AA91-E5EC29959805}
		{89487569-7587-435C-B91A-88B5C6213742} = {86E19E12-1E57-43EE-AA91-E5EC29959805}
		{FFF48ABA-BFDC-41A7-88C8-BA114FEF9C59} = {86E19E12-1E57-43EE-AA91-E5EC29959805}
		{C1352709-DE0E-465E-A2F8-F8DB1C1585F2} = {86E19E12-1E57-43EE-AA91-E5EC29959805}
	EndGlobalSection
	GlobalSection(ExtensibilityGlobals) = postSolution
		SolutionGuid = {362E6FD4-8ADD-4502-A205-5329200B4D80}
	EndGlobalSection
EndGlobal
